
Microsoft Visual Studio Solution File, Format Version 12.00
# Visual Studio Version 17
VisualStudioVersion = 17.1.32328.378
MinimumVisualStudioVersion = 10.0.40219.1
Project("{9A19103F-16F7-4668-BE54-9A1E7A4F7556}") = "WebApi", "WebApi\WebApi.csproj", "{FC09A4EF-0086-4299-B8E0-DE85CE22F912}"
EndProject
Project("{9A19103F-16F7-4668-BE54-9A1E7A4F7556}") = "ApiMIddleware", "ApiMIddleware\ApiMIddleware.csproj", "{8A03F51B-6995-41B1-952A-00E52E6F44AE}"
EndProject
Global
	GlobalSection(SolutionConfigurationPlatforms) = preSolution
		Debug|Any CPU = Debug|Any CPU
		Release|Any CPU = Release|Any CPU
	EndGlobalSection
	GlobalSection(ProjectConfigurationPlatforms) = postSolution
		{FC09A4EF-0086-4299-B8E0-DE85CE22F912}.Debug|Any CPU.ActiveCfg = Debug|Any CPU
		{FC09A4EF-0086-4299-B8E0-DE85CE22F912}.Debug|Any CPU.Build.0 = Debug|Any CPU
		{FC09A4EF-0086-4299-B8E0-DE85CE22F912}.Release|Any CPU.ActiveCfg = Release|Any CPU
		{FC09A4EF-0086-4299-B8E0-DE85CE22F912}.Release|Any CPU.Build.0 = Release|Any CPU
		{8A03F51B-6995-41B1-952A-00E52E6F44AE}.Debug|Any CPU.ActiveCfg = Debug|Any CPU
		{8A03F51B-6995-41B1-952A-00E52E6F44AE}.Debug|Any CPU.Build.0 = Debug|Any CPU
		{8A03F51B-6995-41B1-952A-00E52E6F44AE}.Release|Any CPU.ActiveCfg = Release|Any CPU
		{8A03F51B-6995-41B1-952A-00E52E6F44AE}.Release|Any CPU.Build.0 = Release|Any CPU
	EndGlobalSection
	GlobalSection(SolutionProperties) = preSolution
		HideSolutionNode = FALSE
	EndGlobalSection
	GlobalSection(ExtensibilityGlobals) = postSolution
		SolutionGuid = {F8E1946B-C6D6-4C42-AF97-169D036889F2}
	EndGlobalSection
EndGlobal
